
Microsoft Visual Studio Solution File, Format Version 12.00
# Visual Studio Version 17
VisualStudioVersion = 17.4.33205.214
MinimumVisualStudioVersion = 10.0.40219.1
Project("{FAE04EC0-301F-11D3-BF4B-00C04F79EFBC}") = "LibraryManager", "LibraryManager.csproj", "{3D22900B-A214-4405-9330-0ABB42FFBA45}"
EndProject
Project("{2150E333-8FDC-42A3-9474-1A3956D46DE8}") = "ExistingFiles", "ExistingFiles", "{6DE23659-26B2-4B97-A4D5-AB15E2416734}"
EndProject
Global
	GlobalSection(SolutionConfigurationPlatforms) = preSolution
		Debug|Any CPU = Debug|Any CPU
		Release|Any CPU = Release|Any CPU
	EndGlobalSection
	GlobalSection(ProjectConfigurationPlatforms) = postSolution
		{3D22900B-A214-4405-9330-0ABB42FFBA45}.Debug|Any CPU.ActiveCfg = Debug|Any CPU
		{3D22900B-A214-4405-9330-0ABB42FFBA45}.Debug|Any CPU.Build.0 = Debug|Any CPU
		{3D22900B-A214-4405-9330-0ABB42FFBA45}.Release|Any CPU.ActiveCfg = Release|Any CPU
		{3D22900B-A214-4405-9330-0ABB42FFBA45}.Release|Any CPU.Build.0 = Release|Any CPU
	EndGlobalSection
	GlobalSection(SolutionProperties) = preSolution
		HideSolutionNode = FALSE
	EndGlobalSection
	GlobalSection(ExtensibilityGlobals) = postSolution
		SolutionGuid = {6BDE56E5-FE27-4553-AE60-A23D1595E936}
	EndGlobalSection
EndGlobal
